# generated by rye
# use `rye lock` or `rye sync` to update this lockfile
#
# last locked with the following flags:
#   pre: false
#   features: []
#   all-features: false
#   with-sources: false
#   generate-hashes: false

annotated-types==0.7.0
    # via pydantic
antlr4-python3-runtime==4.13.1
    # via moto
anyio==4.4.0
    # via httpx
    # via jupyter-server
argon2-cffi==23.1.0
    # via jupyter-server
argon2-cffi-bindings==21.2.0
    # via argon2-cffi
arrow==1.3.0
    # via isoduration
asttokens==2.4.1
    # via stack-data
async-lru==2.0.4
    # via jupyterlab
attrs==23.2.0
    # via cattrs
    # via jschema-to-python
    # via jsii
    # via jsonschema
    # via referencing
    # via sarif-om
aws-cdk-asset-awscli-v1==2.2.202
    # via aws-cdk-lib
aws-cdk-asset-kubectl-v20==2.1.2
    # via aws-cdk-lib
aws-cdk-asset-node-proxy-agent-v6==2.0.3
    # via aws-cdk-lib
aws-cdk-aws-lambda-python-alpha==2.145.0a0
aws-cdk-lib==2.145.0
    # via aws-cdk-aws-lambda-python-alpha
aws-lambda-powertools==2.38.1
aws-sam-translator==1.89.0
    # via cfn-lint
aws-xray-sdk==2.14.0
    # via moto
babel==2.15.0
    # via jupyterlab-server
    # via mkdocs-material
beautifulsoup4==4.12.3
    # via mkdocs-swagger-ui-tag
    # via nbconvert
bleach==6.1.0
    # via nbconvert
boto3==1.34.125
    # via aws-sam-translator
    # via moto
boto3-stubs==1.34.125
botocore==1.34.125
    # via aws-xray-sdk
    # via boto3
    # via moto
    # via s3transfer
botocore-stubs==1.34.125
    # via boto3-stubs
cattrs==23.2.3
    # via jsii
certifi==2024.6.2
    # via httpcore
    # via httpx
    # via requests
cffi==1.16.0
    # via argon2-cffi-bindings
    # via cryptography
cfgv==3.4.0
    # via pre-commit
cfn-lint==0.87.7
    # via moto
charset-normalizer==3.3.2
    # via requests
click==8.1.7
    # via mkdocs
    # via mkdocstrings
colorama==0.4.6
    # via griffe
    # via mkdocs-material
comm==0.2.2
    # via ipykernel
    # via ipywidgets
constructs==10.3.0
    # via aws-cdk-aws-lambda-python-alpha
    # via aws-cdk-lib
coverage==7.5.3
    # via pytest-cov
cryptography==42.0.8
    # via joserfc
    # via moto
debugpy==1.8.1
    # via ipykernel
decorator==5.1.1
    # via ipython
defusedxml==0.7.1
    # via nbconvert
distlib==0.3.8
    # via virtualenv
docker==7.1.0
    # via moto
execnet==2.1.1
    # via pytest-xdist
executing==2.0.1
    # via stack-data
fastjsonschema==2.19.1
    # via nbformat
filelock==3.15.1
    # via virtualenv
fqdn==1.5.1
    # via jsonschema
freezegun==1.5.1
ghp-import==2.1.0
    # via mkdocs
graphql-core==3.2.3
    # via moto
griffe==0.45.3
    # via mkdocstrings-python
h11==0.14.0
    # via httpcore
httpcore==1.0.5
    # via httpx
httpx==0.27.0
    # via jupyterlab
identify==2.5.36
    # via pre-commit
idna==3.7
    # via anyio
    # via httpx
    # via jsonschema
    # via requests
importlib-resources==6.4.0
    # via jsii
iniconfig==2.0.0
    # via pytest
ipykernel==6.29.4
    # via jupyter
    # via jupyter-console
    # via jupyterlab
    # via qtconsole
ipython==8.25.0
    # via ipykernel
    # via ipywidgets
    # via jupyter-console
ipywidgets==8.1.3
    # via jupyter
isoduration==20.11.0
    # via jsonschema
jedi==0.19.1
    # via ipython
jinja2==3.1.4
    # via jupyter-server
    # via jupyterlab
    # via jupyterlab-server
    # via mkdocs
    # via mkdocs-material
    # via mkdocstrings
    # via moto
    # via nbconvert
jmespath==1.0.1
    # via boto3
    # via botocore
joserfc==0.11.1
    # via moto
jschema-to-python==1.2.3
    # via cfn-lint
jsii==1.99.0
    # via aws-cdk-asset-awscli-v1
    # via aws-cdk-asset-kubectl-v20
    # via aws-cdk-asset-node-proxy-agent-v6
    # via aws-cdk-aws-lambda-python-alpha
    # via aws-cdk-lib
    # via constructs
json5==0.9.25
    # via jupyterlab-server
jsondiff==2.0.0
    # via moto
jsonpatch==1.33
    # via cfn-lint
jsonpath-ng==1.6.1
    # via moto
jsonpickle==3.2.1
    # via jschema-to-python
jsonpointer==3.0.0
    # via jsonpatch
    # via jsonschema
jsonschema==4.22.0
    # via aws-sam-translator
    # via cfn-lint
    # via jupyter-events
    # via jupyterlab-server
    # via nbformat
    # via openapi-schema-validator
    # via openapi-spec-validator
jsonschema-path==0.3.2
    # via openapi-spec-validator
jsonschema-specifications==2023.12.1
    # via jsonschema
    # via openapi-schema-validator
junit-xml==1.9
    # via cfn-lint
jupyter==1.0.0
jupyter-client==8.6.2
    # via ipykernel
    # via jupyter-console
    # via jupyter-server
    # via nbclient
    # via qtconsole
jupyter-console==6.6.3
    # via jupyter
jupyter-core==5.7.2
    # via ipykernel
    # via jupyter-client
    # via jupyter-console
    # via jupyter-server
    # via jupyterlab
    # via nbclient
    # via nbconvert
    # via nbformat
    # via qtconsole
jupyter-events==0.10.0
    # via jupyter-server
jupyter-lsp==2.2.5
    # via jupyterlab
jupyter-server==2.14.1
    # via jupyter-lsp
    # via jupyterlab
    # via jupyterlab-server
    # via notebook
    # via notebook-shim
jupyter-server-terminals==0.5.3
    # via jupyter-server
jupyterlab==4.2.2
    # via notebook
jupyterlab-pygments==0.3.0
    # via nbconvert
jupyterlab-server==2.27.2
    # via jupyterlab
    # via notebook
jupyterlab-widgets==3.0.11
    # via ipywidgets
lazy-object-proxy==1.10.0
    # via openapi-spec-validator
markdown==3.6
    # via mkdocs
    # via mkdocs-autorefs
    # via mkdocs-material
    # via mkdocstrings
    # via pymdown-extensions
markupsafe==2.1.5
    # via jinja2
    # via mkdocs
    # via mkdocs-autorefs
    # via mkdocstrings
    # via nbconvert
    # via werkzeug
matplotlib-inline==0.1.7
    # via ipykernel
    # via ipython
mergedeep==1.3.4
    # via mkdocs
    # via mkdocs-get-deps
mistune==3.0.2
    # via nbconvert
mkdocs==1.6.0
    # via mkdocs-autorefs
    # via mkdocs-coverage
    # via mkdocs-gen-files
    # via mkdocs-literate-nav
    # via mkdocs-material
    # via mkdocs-section-index
    # via mkdocstrings
mkdocs-autorefs==1.0.1
    # via mkdocstrings
mkdocs-coverage==1.1.0
mkdocs-gen-files==0.5.0
mkdocs-get-deps==0.2.0
    # via mkdocs
mkdocs-literate-nav==0.6.1
mkdocs-material==9.5.26
mkdocs-material-extensions==1.3.1
    # via mkdocs-material
mkdocs-section-index==0.3.9
mkdocs-swagger-ui-tag==0.6.10
mkdocstrings==0.25.1
    # via mkdocstrings-python
mkdocstrings-python==1.10.3
    # via mkdocstrings
moto==5.0.9
mpmath==1.3.0
    # via sympy
multipart==0.2.4
    # via moto
mypy==1.10.0
mypy-boto3-cloudformation==1.34.111
    # via boto3-stubs
mypy-boto3-dynamodb==1.34.114
    # via boto3-stubs
mypy-boto3-ec2==1.34.125
    # via boto3-stubs
mypy-boto3-lambda==1.34.77
    # via boto3-stubs
mypy-boto3-rds==1.34.116
    # via boto3-stubs
mypy-boto3-s3==1.34.120
    # via boto3-stubs
mypy-boto3-sqs==1.34.121
    # via boto3-stubs
mypy-extensions==1.0.0
    # via mypy
nbclient==0.10.0
    # via nbconvert
nbconvert==7.16.4
    # via jupyter
    # via jupyter-server
nbformat==5.10.4
    # via jupyter-server
    # via nbclient
    # via nbconvert
nest-asyncio==1.6.0
    # via ipykernel
networkx==3.3
    # via cfn-lint
nodeenv==1.9.1
    # via pre-commit
notebook==7.2.1
    # via jupyter
notebook-shim==0.2.4
    # via jupyterlab
    # via notebook
openapi-schema-validator==0.6.2
    # via openapi-spec-validator
openapi-spec-validator==0.7.1
    # via moto
overrides==7.7.0
    # via jupyter-server
packaging==24.1
    # via ipykernel
    # via jupyter-server
    # via jupyterlab
    # via jupyterlab-server
    # via mkdocs
    # via nbconvert
    # via pytest
    # via qtconsole
    # via qtpy
paginate==0.5.6
    # via mkdocs-material
pandocfilters==1.5.1
    # via nbconvert
parso==0.8.4
    # via jedi
pathable==0.4.3
    # via jsonschema-path
pathspec==0.12.1
    # via mkdocs
pbr==6.0.0
    # via jschema-to-python
    # via sarif-om
pexpect==4.9.0
    # via ipython
platformdirs==4.2.2
    # via jupyter-core
    # via mkdocs-get-deps
    # via mkdocstrings
    # via virtualenv
pluggy==1.5.0
    # via pytest
ply==3.11
    # via jsonpath-ng
pre-commit==3.7.1
prometheus-client==0.20.0
    # via jupyter-server
prompt-toolkit==3.0.47
    # via ipython
    # via jupyter-console
psutil==5.9.8
    # via ipykernel
ptyprocess==0.7.0
    # via pexpect
    # via terminado
publication==0.0.3
    # via aws-cdk-asset-awscli-v1
    # via aws-cdk-asset-kubectl-v20
    # via aws-cdk-asset-node-proxy-agent-v6
    # via aws-cdk-aws-lambda-python-alpha
    # via aws-cdk-lib
    # via constructs
    # via jsii
pure-eval==0.2.2
    # via stack-data
py-partiql-parser==0.5.5
    # via moto
pycparser==2.22
    # via cffi
pydantic==2.7.4
    # via aws-sam-translator
    # via pydantic-extra-types
pydantic-core==2.18.4
    # via pydantic
pydantic-extra-types==2.8.0
pygments==2.18.0
    # via ipython
    # via jupyter-console
    # via mkdocs-material
    # via nbconvert
    # via qtconsole
pymdown-extensions==10.8.1
    # via mkdocs-material
    # via mkdocstrings
pyparsing==3.1.2
    # via moto
pytest==8.2.2
    # via pytest-cov
    # via pytest-env
    # via pytest-xdist
pytest-cov==5.0.0
pytest-env==1.1.3
pytest-xdist==3.6.1
python-dateutil==2.9.0.post0
    # via arrow
    # via botocore
    # via freezegun
    # via ghp-import
    # via jsii
    # via jupyter-client
    # via moto
python-json-logger==2.0.7
    # via jupyter-events
python-ulid==2.6.0
pyyaml==6.0.1
    # via cfn-lint
    # via jsonschema-path
    # via jupyter-events
    # via mkdocs
    # via mkdocs-get-deps
    # via moto
    # via pre-commit
    # via pymdown-extensions
    # via pyyaml-env-tag
    # via responses
pyyaml-env-tag==0.1
    # via mkdocs
pyzmq==26.0.3
    # via ipykernel
    # via jupyter-client
    # via jupyter-console
    # via jupyter-server
    # via qtconsole
qtconsole==5.5.2
    # via jupyter
qtpy==2.4.1
    # via qtconsole
referencing==0.31.1
    # via jsonschema
    # via jsonschema-path
    # via jsonschema-specifications
    # via jupyter-events
regex==2024.5.15
    # via cfn-lint
    # via mkdocs-material
requests==2.32.3
    # via docker
    # via jsonschema-path
    # via jupyterlab-server
    # via mkdocs-material
    # via moto
    # via responses
responses==0.25.2
    # via moto
rfc3339-validator==0.1.4
    # via jsonschema
    # via jupyter-events
    # via openapi-schema-validator
rfc3986-validator==0.1.1
    # via jsonschema
    # via jupyter-events
rpds-py==0.18.1
    # via jsonschema
    # via referencing
ruff==0.4.8
s3transfer==0.10.1
    # via boto3
sarif-om==1.0.4
    # via cfn-lint
send2trash==1.8.3
    # via jupyter-server
setuptools==70.0.0
    # via jupyterlab
    # via moto
six==1.16.0
    # via asttokens
    # via bleach
    # via junit-xml
    # via python-dateutil
    # via rfc3339-validator
sniffio==1.3.1
    # via anyio
    # via httpx
soupsieve==2.5
    # via beautifulsoup4
stack-data==0.6.3
    # via ipython
sympy==1.12.1
    # via cfn-lint
terminado==0.18.1
    # via jupyter-server
    # via jupyter-server-terminals
tinycss2==1.3.0
    # via nbconvert
tornado==6.4.1
    # via ipykernel
    # via jupyter-client
    # via jupyter-server
    # via jupyterlab
    # via notebook
    # via terminado
traitlets==5.14.3
    # via comm
    # via ipykernel
    # via ipython
    # via ipywidgets
    # via jupyter-client
    # via jupyter-console
    # via jupyter-core
    # via jupyter-events
    # via jupyter-server
    # via jupyterlab
    # via matplotlib-inline
    # via nbclient
    # via nbconvert
    # via nbformat
    # via qtconsole
typeguard==2.13.3
    # via aws-cdk-asset-awscli-v1
    # via aws-cdk-asset-kubectl-v20
    # via aws-cdk-asset-node-proxy-agent-v6
    # via aws-cdk-aws-lambda-python-alpha
    # via aws-cdk-lib
    # via constructs
    # via jsii
types-awscrt==0.20.11
    # via botocore-stubs
types-python-dateutil==2.9.0.20240316
    # via arrow
types-pyyaml==6.0.12.20240311
types-s3transfer==0.10.1
    # via boto3-stubs
typing-extensions==4.12.2
    # via aws-lambda-powertools
    # via aws-sam-translator
    # via jsii
    # via mypy
    # via pydantic
    # via pydantic-core
uri-template==1.3.0
    # via jsonschema
urllib3==2.2.1
    # via botocore
    # via docker
    # via requests
    # via responses
virtualenv==20.26.2
    # via pre-commit
watchdog==4.0.1
    # via mkdocs
wcwidth==0.2.13
    # via prompt-toolkit
webcolors==24.6.0
    # via jsonschema
webencodings==0.5.1
    # via bleach
    # via tinycss2
websocket-client==1.8.0
    # via jupyter-server
werkzeug==3.0.3
    # via moto
widgetsnbextension==4.0.11
    # via ipywidgets
wrapt==1.16.0
    # via aws-xray-sdk
xmltodict==0.13.0
    # via moto
